// !$*UTF8*$!
{
	archiveVersion = 1;
	classes = {
	};
	objectVersion = 46;
	objects = {

/* Begin PBXBuildFile section */
		9E681EEE1F6344860093DAE6 /* AppDelegate.swift in Sources */ = {isa = PBXBuildFile; fileRef = 9E681EED1F6344860093DAE6 /* AppDelegate.swift */; };
		9E681EF01F6344860093DAE6 /* ViewController.swift in Sources */ = {isa = PBXBuildFile; fileRef = 9E681EEF1F6344860093DAE6 /* ViewController.swift */; };
		9E681EF31F6344860093DAE6 /* Main.storyboard in Resources */ = {isa = PBXBuildFile; fileRef = 9E681EF11F6344860093DAE6 /* Main.storyboard */; };
		9E681EF51F6344860093DAE6 /* Assets.xcassets in Resources */ = {isa = PBXBuildFile; fileRef = 9E681EF41F6344860093DAE6 /* Assets.xcassets */; };
		9E681EF81F6344860093DAE6 /* LaunchScreen.storyboard in Resources */ = {isa = PBXBuildFile; fileRef = 9E681EF61F6344860093DAE6 /* LaunchScreen.storyboard */; };
		9E7475FE1F6429B600BA0D15 /* Meal.swift in Sources */ = {isa = PBXBuildFile; fileRef = 9E7475FD1F6429B600BA0D15 /* Meal.swift */; };
		9E7CE7001F63480500C2862D /* HockeySDK.framework in Frameworks */ = {isa = PBXBuildFile; fileRef = 9E7CE6FE1F63480500C2862D /* HockeySDK.framework */; };
		9E7CE7011F63480500C2862D /* HockeySDKResources.bundle in Resources */ = {isa = PBXBuildFile; fileRef = 9E7CE6FF1F63480500C2862D /* HockeySDKResources.bundle */; };
		9E7CE7031F634A4600C2862D /* SmartPlateKit.swift in Sources */ = {isa = PBXBuildFile; fileRef = 9E7CE7021F634A4600C2862D /* SmartPlateKit.swift */; };
		9E7CE7051F634A6F00C2862D /* StomachIndicatorView.swift in Sources */ = {isa = PBXBuildFile; fileRef = 9E7CE7041F634A6F00C2862D /* StomachIndicatorView.swift */; };
		C91213F95A259829B62A6DFC /* Pods_SmartPlate.framework in Frameworks */ = {isa = PBXBuildFile; fileRef = 678A64B4421D80F09053E14D /* Pods_SmartPlate.framework */; };
/* End PBXBuildFile section */

/* Begin PBXFileReference section */
		58F629B043040D5911752DF4 /* Pods-SmartPlate.debug.xcconfig */ = {isa = PBXFileReference; includeInIndex = 1; lastKnownFileType = text.xcconfig; name = "Pods-SmartPlate.debug.xcconfig"; path = "Pods/Target Support Files/Pods-SmartPlate/Pods-SmartPlate.debug.xcconfig"; sourceTree = "<group>"; };
		678A64B4421D80F09053E14D /* Pods_SmartPlate.framework */ = {isa = PBXFileReference; explicitFileType = wrapper.framework; includeInIndex = 0; path = Pods_SmartPlate.framework; sourceTree = BUILT_PRODUCTS_DIR; };
		9E681EEA1F6344860093DAE6 /* SmartPlate.app */ = {isa = PBXFileReference; explicitFileType = wrapper.application; includeInIndex = 0; path = SmartPlate.app; sourceTree = BUILT_PRODUCTS_DIR; };
		9E681EED1F6344860093DAE6 /* AppDelegate.swift */ = {isa = PBXFileReference; lastKnownFileType = sourcecode.swift; name = AppDelegate.swift; path = /Users/dnp/Git/SmartPlate/SmartPlate/AppDelegate.swift; sourceTree = "<absolute>"; };
		9E681EEF1F6344860093DAE6 /* ViewController.swift */ = {isa = PBXFileReference; lastKnownFileType = sourcecode.swift; path = ViewController.swift; sourceTree = "<group>"; };
		9E681EF21F6344860093DAE6 /* Base */ = {isa = PBXFileReference; lastKnownFileType = file.storyboard; name = Base; path = Base.lproj/Main.storyboard; sourceTree = "<group>"; };
		9E681EF41F6344860093DAE6 /* Assets.xcassets */ = {isa = PBXFileReference; lastKnownFileType = folder.assetcatalog; path = Assets.xcassets; sourceTree = "<group>"; };
		9E681EF71F6344860093DAE6 /* Base */ = {isa = PBXFileReference; lastKnownFileType = file.storyboard; name = Base; path = Base.lproj/LaunchScreen.storyboard; sourceTree = "<group>"; };
		9E681EF91F6344860093DAE6 /* Info.plist */ = {isa = PBXFileReference; lastKnownFileType = text.plist.xml; path = Info.plist; sourceTree = "<group>"; };
		9E7475FD1F6429B600BA0D15 /* Meal.swift */ = {isa = PBXFileReference; fileEncoding = 4; lastKnownFileType = sourcecode.swift; path = Meal.swift; sourceTree = "<group>"; };
		9E7CE6FE1F63480500C2862D /* HockeySDK.framework */ = {isa = PBXFileReference; lastKnownFileType = wrapper.framework; path = HockeySDK.framework; sourceTree = "<group>"; };
		9E7CE6FF1F63480500C2862D /* HockeySDKResources.bundle */ = {isa = PBXFileReference; lastKnownFileType = "wrapper.plug-in"; path = HockeySDKResources.bundle; sourceTree = "<group>"; };
		9E7CE7021F634A4600C2862D /* SmartPlateKit.swift */ = {isa = PBXFileReference; fileEncoding = 4; lastKnownFileType = sourcecode.swift; path = SmartPlateKit.swift; sourceTree = "<group>"; };
		9E7CE7041F634A6F00C2862D /* StomachIndicatorView.swift */ = {isa = PBXFileReference; fileEncoding = 4; lastKnownFileType = sourcecode.swift; path = StomachIndicatorView.swift; sourceTree = "<group>"; };
		EEEF8E7C54F2CA34432E97E1 /* Pods-SmartPlate.release.xcconfig */ = {isa = PBXFileReference; includeInIndex = 1; lastKnownFileType = text.xcconfig; name = "Pods-SmartPlate.release.xcconfig"; path = "Pods/Target Support Files/Pods-SmartPlate/Pods-SmartPlate.release.xcconfig"; sourceTree = "<group>"; };
/* End PBXFileReference section */

/* Begin PBXFrameworksBuildPhase section */
		9E681EE71F6344860093DAE6 /* Frameworks */ = {
			isa = PBXFrameworksBuildPhase;
			buildActionMask = 2147483647;
			files = (
				9E7CE7001F63480500C2862D /* HockeySDK.framework in Frameworks */,
				C91213F95A259829B62A6DFC /* Pods_SmartPlate.framework in Frameworks */,
			);
			runOnlyForDeploymentPostprocessing = 0;
		};
/* End PBXFrameworksBuildPhase section */

/* Begin PBXGroup section */
		206C127D0F92F07AEB2B2E91 /* Pods */ = {
			isa = PBXGroup;
			children = (
				58F629B043040D5911752DF4 /* Pods-SmartPlate.debug.xcconfig */,
				EEEF8E7C54F2CA34432E97E1 /* Pods-SmartPlate.release.xcconfig */,
			);
			name = Pods;
			sourceTree = "<group>";
		};
		6E5C8A59B33081D0A1B559AC /* Frameworks */ = {
			isa = PBXGroup;
			children = (
				678A64B4421D80F09053E14D /* Pods_SmartPlate.framework */,
			);
			name = Frameworks;
			sourceTree = "<group>";
		};
		9E681EE11F6344860093DAE6 = {
			isa = PBXGroup;
			children = (
				9E681EEC1F6344860093DAE6 /* SmartPlate */,
				9E681EEB1F6344860093DAE6 /* Products */,
				206C127D0F92F07AEB2B2E91 /* Pods */,
				6E5C8A59B33081D0A1B559AC /* Frameworks */,
			);
			sourceTree = "<group>";
		};
		9E681EEB1F6344860093DAE6 /* Products */ = {
			isa = PBXGroup;
			children = (
				9E681EEA1F6344860093DAE6 /* SmartPlate.app */,
			);
			name = Products;
			sourceTree = "<group>";
		};
		9E681EEC1F6344860093DAE6 /* SmartPlate */ = {
			isa = PBXGroup;
			children = (
				9E681EED1F6344860093DAE6 /* AppDelegate.swift */,
				9E7CE7021F634A4600C2862D /* SmartPlateKit.swift */,
				9E7CE7041F634A6F00C2862D /* StomachIndicatorView.swift */,
				9E681EEF1F6344860093DAE6 /* ViewController.swift */,
				9E681EF11F6344860093DAE6 /* Main.storyboard */,
				9E7CE6FD1F63480500C2862D /* HockeySDK.embeddedframework */,
				9E681EF41F6344860093DAE6 /* Assets.xcassets */,
				9E681EF61F6344860093DAE6 /* LaunchScreen.storyboard */,
				9E681EF91F6344860093DAE6 /* Info.plist */,
				9E7475FD1F6429B600BA0D15 /* Meal.swift */,
			);
			path = SmartPlate;
			sourceTree = "<group>";
		};
		9E7CE6FD1F63480500C2862D /* HockeySDK.embeddedframework */ = {
			isa = PBXGroup;
			children = (
				9E7CE6FE1F63480500C2862D /* HockeySDK.framework */,
				9E7CE6FF1F63480500C2862D /* HockeySDKResources.bundle */,
			);
			path = HockeySDK.embeddedframework;
			sourceTree = "<group>";
		};
/* End PBXGroup section */

/* Begin PBXNativeTarget section */
		9E681EE91F6344860093DAE6 /* SmartPlate */ = {
			isa = PBXNativeTarget;
			buildConfigurationList = 9E681EFC1F6344860093DAE6 /* Build configuration list for PBXNativeTarget "SmartPlate" */;
			buildPhases = (
				722485A8D16443D96A8F67FF /* [CP] Check Pods Manifest.lock */,
				9E681EE61F6344860093DAE6 /* Sources */,
				9E681EE71F6344860093DAE6 /* Frameworks */,
				9E681EE81F6344860093DAE6 /* Resources */,
				9E681EFF1F6345090093DAE6 /* ShellScript */,
				534AE85BDEF2B9FC2C7E826C /* [CP] Embed Pods Frameworks */,
				FE21DE8C33D5188A207128FC /* [CP] Copy Pods Resources */,
			);
			buildRules = (
			);
			dependencies = (
			);
			name = SmartPlate;
			productName = SmartPlate;
			productReference = 9E681EEA1F6344860093DAE6 /* SmartPlate.app */;
			productType = "com.apple.product-type.application";
		};
/* End PBXNativeTarget section */

/* Begin PBXProject section */
		9E681EE21F6344860093DAE6 /* Project object */ = {
			isa = PBXProject;
			attributes = {
				LastSwiftUpdateCheck = 0830;
				LastUpgradeCheck = 0830;
				ORGANIZATIONNAME = "Danh-Nhan Phung";
				TargetAttributes = {
					9E681EE91F6344860093DAE6 = {
						CreatedOnToolsVersion = 8.3.3;
						DevelopmentTeam = 97BN8Z3HWP;
						ProvisioningStyle = Automatic;
					};
				};
			};
			buildConfigurationList = 9E681EE51F6344860093DAE6 /* Build configuration list for PBXProject "SmartPlate" */;
			compatibilityVersion = "Xcode 3.2";
			developmentRegion = English;
			hasScannedForEncodings = 0;
			knownRegions = (
				en,
				Base,
			);
			mainGroup = 9E681EE11F6344860093DAE6;
			productRefGroup = 9E681EEB1F6344860093DAE6 /* Products */;
			projectDirPath = "";
			projectRoot = "";
			targets = (
				9E681EE91F6344860093DAE6 /* SmartPlate */,
			);
		};
/* End PBXProject section */

/* Begin PBXResourcesBuildPhase section */
		9E681EE81F6344860093DAE6 /* Resources */ = {
			isa = PBXResourcesBuildPhase;
			buildActionMask = 2147483647;
			files = (
				9E681EF81F6344860093DAE6 /* LaunchScreen.storyboard in Resources */,
				9E7CE7011F63480500C2862D /* HockeySDKResources.bundle in Resources */,
				9E681EF51F6344860093DAE6 /* Assets.xcassets in Resources */,
				9E681EF31F6344860093DAE6 /* Main.storyboard in Resources */,
			);
			runOnlyForDeploymentPostprocessing = 0;
		};
/* End PBXResourcesBuildPhase section */

/* Begin PBXShellScriptBuildPhase section */
		534AE85BDEF2B9FC2C7E826C /* [CP] Embed Pods Frameworks */ = {
			isa = PBXShellScriptBuildPhase;
			buildActionMask = 2147483647;
			files = (
			);
			inputPaths = (
			);
			name = "[CP] Embed Pods Frameworks";
			outputPaths = (
			);
			runOnlyForDeploymentPostprocessing = 0;
			shellPath = /bin/sh;
			shellScript = "\"${SRCROOT}/Pods/Target Support Files/Pods-SmartPlate/Pods-SmartPlate-frameworks.sh\"\n";
			showEnvVarsInLog = 0;
		};
		722485A8D16443D96A8F67FF /* [CP] Check Pods Manifest.lock */ = {
			isa = PBXShellScriptBuildPhase;
			buildActionMask = 2147483647;
			files = (
			);
			inputPaths = (
			);
			name = "[CP] Check Pods Manifest.lock";
			outputPaths = (
			);
			runOnlyForDeploymentPostprocessing = 0;
			shellPath = /bin/sh;
			shellScript = "diff \"${PODS_ROOT}/../Podfile.lock\" \"${PODS_ROOT}/Manifest.lock\" > /dev/null\nif [ $? != 0 ] ; then\n    # print error to STDERR\n    echo \"error: The sandbox is not in sync with the Podfile.lock. Run 'pod install' or update your CocoaPods installation.\" >&2\n    exit 1\nfi\n";
			showEnvVarsInLog = 0;
		};
		9E681EFF1F6345090093DAE6 /* ShellScript */ = {
			isa = PBXShellScriptBuildPhase;
			buildActionMask = 2147483647;
			files = (
			);
			inputPaths = (
			);
			outputPaths = (
			);
			runOnlyForDeploymentPostprocessing = 0;
			shellPath = /bin/sh;
			shellScript = "FILE=\"${SRCROOT}/HockeySDK-iOS/BuildAgent\"\nif [ -f \"$FILE\" ]; then\n\"$FILE\"\nfi";
		};
		FE21DE8C33D5188A207128FC /* [CP] Copy Pods Resources */ = {
			isa = PBXShellScriptBuildPhase;
			buildActionMask = 2147483647;
			files = (
			);
			inputPaths = (
			);
			name = "[CP] Copy Pods Resources";
			outputPaths = (
			);
			runOnlyForDeploymentPostprocessing = 0;
			shellPath = /bin/sh;
			shellScript = "\"${SRCROOT}/Pods/Target Support Files/Pods-SmartPlate/Pods-SmartPlate-resources.sh\"\n";
			showEnvVarsInLog = 0;
		};
/* End PBXShellScriptBuildPhase section */

/* Begin PBXSourcesBuildPhase section */
		9E681EE61F6344860093DAE6 /* Sources */ = {
			isa = PBXSourcesBuildPhase;
			buildActionMask = 2147483647;
			files = (
				9E7475FE1F6429B600BA0D15 /* Meal.swift in Sources */,
				9E7CE7051F634A6F00C2862D /* StomachIndicatorView.swift in Sources */,
				9E681EF01F6344860093DAE6 /* ViewController.swift in Sources */,
				9E7CE7031F634A4600C2862D /* SmartPlateKit.swift in Sources */,
				9E681EEE1F6344860093DAE6 /* AppDelegate.swift in Sources */,
			);
			runOnlyForDeploymentPostprocessing = 0;
		};
/* End PBXSourcesBuildPhase section */

/* Begin PBXVariantGroup section */
		9E681EF11F6344860093DAE6 /* Main.storyboard */ = {
			isa = PBXVariantGroup;
			children = (
				9E681EF21F6344860093DAE6 /* Base */,
			);
			name = Main.storyboard;
			sourceTree = "<group>";
		};
		9E681EF61F6344860093DAE6 /* LaunchScreen.storyboard */ = {
			isa = PBXVariantGroup;
			children = (
				9E681EF71F6344860093DAE6 /* Base */,
			);
			name = LaunchScreen.storyboard;
			sourceTree = "<group>";
		};
/* End PBXVariantGroup section */

/* Begin XCBuildConfiguration section */
		9E681EFA1F6344860093DAE6 /* Debug */ = {
			isa = XCBuildConfiguration;
			buildSettings = {
				ALWAYS_SEARCH_USER_PATHS = NO;
				CLANG_ANALYZER_NONNULL = YES;
				CLANG_ANALYZER_NUMBER_OBJECT_CONVERSION = YES_AGGRESSIVE;
				CLANG_CXX_LANGUAGE_STANDARD = "gnu++0x";
				CLANG_CXX_LIBRARY = "libc++";
				CLANG_ENABLE_MODULES = YES;
				CLANG_ENABLE_OBJC_ARC = YES;
				CLANG_WARN_BOOL_CONVERSION = YES;
				CLANG_WARN_CONSTANT_CONVERSION = YES;
				CLANG_WARN_DIRECT_OBJC_ISA_USAGE = YES_ERROR;
				CLANG_WARN_DOCUMENTATION_COMMENTS = YES;
				CLANG_WARN_EMPTY_BODY = YES;
				CLANG_WARN_ENUM_CONVERSION = YES;
				CLANG_WARN_INFINITE_RECURSION = YES;
				CLANG_WARN_INT_CONVERSION = YES;
				CLANG_WARN_OBJC_ROOT_CLASS = YES_ERROR;
				CLANG_WARN_SUSPICIOUS_MOVE = YES;
				CLANG_WARN_UNREACHABLE_CODE = YES;
				CLANG_WARN__DUPLICATE_METHOD_MATCH = YES;
				"CODE_SIGN_IDENTITY[sdk=iphoneos*]" = "iPhone Developer";
				COPY_PHASE_STRIP = NO;
				DEBUG_INFORMATION_FORMAT = dwarf;
				ENABLE_STRICT_OBJC_MSGSEND = YES;
				ENABLE_TESTABILITY = YES;
				GCC_C_LANGUAGE_STANDARD = gnu99;
				GCC_DYNAMIC_NO_PIC = NO;
				GCC_NO_COMMON_BLOCKS = YES;
				GCC_OPTIMIZATION_LEVEL = 0;
				GCC_PREPROCESSOR_DEFINITIONS = (
					"DEBUG=1",
					"$(inherited)",
				);
				GCC_WARN_64_TO_32_BIT_CONVERSION = YES;
				GCC_WARN_ABOUT_RETURN_TYPE = YES_ERROR;
				GCC_WARN_UNDECLARED_SELECTOR = YES;
				GCC_WARN_UNINITIALIZED_AUTOS = YES_AGGRESSIVE;
				GCC_WARN_UNUSED_FUNCTION = YES;
				GCC_WARN_UNUSED_VARIABLE = YES;
				IPHONEOS_DEPLOYMENT_TARGET = 10.3;
				MTL_ENABLE_DEBUG_INFO = YES;
				ONLY_ACTIVE_ARCH = YES;
				SDKROOT = iphoneos;
				SWIFT_ACTIVE_COMPILATION_CONDITIONS = DEBUG;
				SWIFT_OPTIMIZATION_LEVEL = "-Onone";
			};
			name = Debug;
		};
		9E681EFB1F6344860093DAE6 /* Release */ = {
			isa = XCBuildConfiguration;
			buildSettings = {
				ALWAYS_SEARCH_USER_PATHS = NO;
				CLANG_ANALYZER_NONNULL = YES;
				CLANG_ANALYZER_NUMBER_OBJECT_CONVERSION = YES_AGGRESSIVE;
				CLANG_CXX_LANGUAGE_STANDARD = "gnu++0x";
				CLANG_CXX_LIBRARY = "libc++";
				CLANG_ENABLE_MODULES = YES;
				CLANG_ENABLE_OBJC_ARC = YES;
				CLANG_WARN_BOOL_CONVERSION = YES;
				CLANG_WARN_CONSTANT_CONVERSION = YES;
				CLANG_WARN_DIRECT_OBJC_ISA_USAGE = YES_ERROR;
				CLANG_WARN_DOCUMENTATION_COMMENTS = YES;
				CLANG_WARN_EMPTY_BODY = YES;
				CLANG_WARN_ENUM_CONVERSION = YES;
				CLANG_WARN_INFINITE_RECURSION = YES;
				CLANG_WARN_INT_CONVERSION = YES;
				CLANG_WARN_OBJC_ROOT_CLASS = YES_ERROR;
				CLANG_WARN_SUSPICIOUS_MOVE = YES;
				CLANG_WARN_UNREACHABLE_CODE = YES;
				CLANG_WARN__DUPLICATE_METHOD_MATCH = YES;
				"CODE_SIGN_IDENTITY[sdk=iphoneos*]" = "iPhone Developer";
				COPY_PHASE_STRIP = NO;
				DEBUG_INFORMATION_FORMAT = "dwarf-with-dsym";
				ENABLE_NS_ASSERTIONS = NO;
				ENABLE_STRICT_OBJC_MSGSEND = YES;
				GCC_C_LANGUAGE_STANDARD = gnu99;
				GCC_NO_COMMON_BLOCKS = YES;
				GCC_WARN_64_TO_32_BIT_CONVERSION = YES;
				GCC_WARN_ABOUT_RETURN_TYPE = YES_ERROR;
				GCC_WARN_UNDECLARED_SELECTOR = YES;
				GCC_WARN_UNINITIALIZED_AUTOS = YES_AGGRESSIVE;
				GCC_WARN_UNUSED_FUNCTION = YES;
				GCC_WARN_UNUSED_VARIABLE = YES;
				IPHONEOS_DEPLOYMENT_TARGET = 10.3;
				MTL_ENABLE_DEBUG_INFO = NO;
				SDKROOT = iphoneos;
				SWIFT_OPTIMIZATION_LEVEL = "-Owholemodule";
				VALIDATE_PRODUCT = YES;
			};
			name = Release;
		};
		9E681EFD1F6344860093DAE6 /* Debug */ = {
			isa = XCBuildConfiguration;
			baseConfigurationReference = 58F629B043040D5911752DF4 /* Pods-SmartPlate.debug.xcconfig */;
			buildSettings = {
				ASSETCATALOG_COMPILER_APPICON_NAME = AppIcon;
				DEVELOPMENT_TEAM = 97BN8Z3HWP;
				FRAMEWORK_SEARCH_PATHS = (
					"$(inherited)",
					"$(PROJECT_DIR)/SmartPlate/HockeySDK.embeddedframework",
				);
				INFOPLIST_FILE = SmartPlate/Info.plist;
				LD_RUNPATH_SEARCH_PATHS = "$(inherited) @executable_path/Frameworks";
				PRODUCT_BUNDLE_IDENTIFIER = "de.dnpi-consulting.SmartPlate";
				PRODUCT_NAME = "$(TARGET_NAME)";
				SWIFT_VERSION = 3.0;
			};
			name = Debug;
		};
		9E681EFE1F6344860093DAE6 /* Release */ = {
			isa = XCBuildConfiguration;
			baseConfigurationReference = EEEF8E7C54F2CA34432E97E1 /* Pods-SmartPlate.release.xcconfig */;
			buildSettings = {
				ASSETCATALOG_COMPILER_APPICON_NAME = AppIcon;
				DEVELOPMENT_TEAM = 97BN8Z3HWP;
				FRAMEWORK_SEARCH_PATHS = (
					"$(inherited)",
					"$(PROJECT_DIR)/SmartPlate/HockeySDK.embeddedframework",
				);
				INFOPLIST_FILE = SmartPlate/Info.plist;
				LD_RUNPATH_SEARCH_PATHS = "$(inherited) @executable_path/Frameworks";
				PRODUCT_BUNDLE_IDENTIFIER = "de.dnpi-consulting.SmartPlate";
				PRODUCT_NAME = "$(TARGET_NAME)";
				SWIFT_VERSION = 3.0;
			};
			name = Release;
		};
/* End XCBuildConfiguration section */

/* Begin XCConfigurationList section */
		9E681EE51F6344860093DAE6 /* Build configuration list for PBXProject "SmartPlate" */ = {
			isa = XCConfigurationList;
			buildConfigurations = (
				9E681EFA1F6344860093DAE6 /* Debug */,
				9E681EFB1F6344860093DAE6 /* Release */,
			);
			defaultConfigurationIsVisible = 0;
			defaultConfigurationName = Release;
		};
		9E681EFC1F6344860093DAE6 /* Build configuration list for PBXNativeTarget "SmartPlate" */ = {
			isa = XCConfigurationList;
			buildConfigurations = (
				9E681EFD1F6344860093DAE6 /* Debug */,
				9E681EFE1F6344860093DAE6 /* Release */,
			);
			defaultConfigurationIsVisible = 0;
			defaultConfigurationName = Release;
		};
/* End XCConfigurationList section */
	};
	rootObject = 9E681EE21F6344860093DAE6 /* Project object */;
}
